
Microsoft Visual Studio Solution File, Format Version 12.00
# Visual Studio Version 17
VisualStudioVersion = 17.3.32929.385
MinimumVisualStudioVersion = 10.0.40219.1
Project("{9A19103F-16F7-4668-BE54-9A1E7A4F7556}") = "TraineeTracker", "TraineeTracker\TraineeTracker.csproj", "{9F8A94BA-FF0E-4675-9FC7-3D85A38E8A90}"
EndProject
Project("{9A19103F-16F7-4668-BE54-9A1E7A4F7556}") = "TraineeTrackerTests", "TraineeTrackerTests\TraineeTrackerTests.csproj", "{E2EED35C-21C8-480E-BBE0-FEDB69522F24}"
EndProject
Project("{9A19103F-16F7-4668-BE54-9A1E7A4F7556}") = "TestConfig", "TestConfig\TestConfig.csproj", "{B3243728-EF92-4AA8-9F44-B0E1A136F873}"
EndProject
Project("{9A19103F-16F7-4668-BE54-9A1E7A4F7556}") = "TraineeTrackerTestsSelenium", "TraineeTrackerTestsSelenium\TraineeTrackerTestsSelenium.csproj", "{D0BB0B2E-CC0A-4193-A346-A92E487E87B8}"
EndProject
Project("{2150E333-8FDC-42A3-9474-1A3956D46DE8}") = "Solution Items", "Solution Items", "{3835A366-A9A9-4983-84F7-5F3A87F9E5D5}"
	ProjectSection(SolutionItems) = preProject
		WebAndApitesting.md = WebAndApitesting.md
	EndProjectSection
EndProject
Project("{FAE04EC0-301F-11D3-BF4B-00C04F79EFBC}") = "APITestFramework", "APITestFramework\APITestFramework.csproj", "{CA3B71F3-842B-49AB-A799-00545A960779}"
EndProject
Global
	GlobalSection(SolutionConfigurationPlatforms) = preSolution
		Debug|Any CPU = Debug|Any CPU
		Release|Any CPU = Release|Any CPU
	EndGlobalSection
	GlobalSection(ProjectConfigurationPlatforms) = postSolution
		{9F8A94BA-FF0E-4675-9FC7-3D85A38E8A90}.Debug|Any CPU.ActiveCfg = Debug|Any CPU
		{9F8A94BA-FF0E-4675-9FC7-3D85A38E8A90}.Debug|Any CPU.Build.0 = Debug|Any CPU
		{9F8A94BA-FF0E-4675-9FC7-3D85A38E8A90}.Release|Any CPU.ActiveCfg = Release|Any CPU
		{9F8A94BA-FF0E-4675-9FC7-3D85A38E8A90}.Release|Any CPU.Build.0 = Release|Any CPU
		{E2EED35C-21C8-480E-BBE0-FEDB69522F24}.Debug|Any CPU.ActiveCfg = Debug|Any CPU
		{E2EED35C-21C8-480E-BBE0-FEDB69522F24}.Debug|Any CPU.Build.0 = Debug|Any CPU
		{E2EED35C-21C8-480E-BBE0-FEDB69522F24}.Release|Any CPU.ActiveCfg = Release|Any CPU
		{E2EED35C-21C8-480E-BBE0-FEDB69522F24}.Release|Any CPU.Build.0 = Release|Any CPU
		{B3243728-EF92-4AA8-9F44-B0E1A136F873}.Debug|Any CPU.ActiveCfg = Debug|Any CPU
		{B3243728-EF92-4AA8-9F44-B0E1A136F873}.Debug|Any CPU.Build.0 = Debug|Any CPU
		{B3243728-EF92-4AA8-9F44-B0E1A136F873}.Release|Any CPU.ActiveCfg = Release|Any CPU
		{B3243728-EF92-4AA8-9F44-B0E1A136F873}.Release|Any CPU.Build.0 = Release|Any CPU
		{D0BB0B2E-CC0A-4193-A346-A92E487E87B8}.Debug|Any CPU.ActiveCfg = Debug|Any CPU
		{D0BB0B2E-CC0A-4193-A346-A92E487E87B8}.Debug|Any CPU.Build.0 = Debug|Any CPU
		{D0BB0B2E-CC0A-4193-A346-A92E487E87B8}.Release|Any CPU.ActiveCfg = Release|Any CPU
		{D0BB0B2E-CC0A-4193-A346-A92E487E87B8}.Release|Any CPU.Build.0 = Release|Any CPU
		{CA3B71F3-842B-49AB-A799-00545A960779}.Debug|Any CPU.ActiveCfg = Debug|Any CPU
		{CA3B71F3-842B-49AB-A799-00545A960779}.Debug|Any CPU.Build.0 = Debug|Any CPU
		{CA3B71F3-842B-49AB-A799-00545A960779}.Release|Any CPU.ActiveCfg = Release|Any CPU
		{CA3B71F3-842B-49AB-A799-00545A960779}.Release|Any CPU.Build.0 = Release|Any CPU
	EndGlobalSection
	GlobalSection(SolutionProperties) = preSolution
		HideSolutionNode = FALSE
	EndGlobalSection
	GlobalSection(ExtensibilityGlobals) = postSolution
		SolutionGuid = {E607E133-BA61-4D79-8199-E55B7E712C95}
	EndGlobalSection
EndGlobal
